# THIS IS AN AUTOGENERATED FILE. DO NOT EDIT THIS FILE DIRECTLY.
# yarn lockfile v1


"@babel/runtime@^7.20.13", "@babel/runtime@^7.20.6":
  version "7.21.5"
  resolved "https://registry.npmjs.org/@babel/runtime/-/runtime-7.21.5.tgz#8492dddda9644ae3bda3b45eabe87382caee7200"
  integrity sha512-8jI69toZqqcsnqGGqwGS4Qb1VwLOEp4hz+CXPywcvjs60u3B4Pom/U/7rm4W8tMOYEB+E9wgD0mW1l3r8qlI9Q==
  dependencies:
    regenerator-runtime "^0.13.11"

"@next/env@13.4.2":
  version "13.4.2"
  resolved "https://registry.npmjs.org/@next/env/-/env-13.4.2.tgz#cf3ebfd523a33d8404c1216e02ac8d856a73170e"
  integrity sha512-Wqvo7lDeS0KGwtwg9TT9wKQ8raelmUxt+TQKWvG/xKfcmDXNOtCuaszcfCF8JzlBG1q0VhpI6CKaRMbVPMDWgw==

"@next/swc-darwin-arm64@13.4.2":
  version "13.4.2"
  resolved "https://registry.npmjs.org/@next/swc-darwin-arm64/-/swc-darwin-arm64-13.4.2.tgz#d0b497df972bd02eee3bc823d6a76c2cc8b733ef"
  integrity sha512-6BBlqGu3ewgJflv9iLCwO1v1hqlecaIH2AotpKfVUEzUxuuDNJQZ2a4KLb4MBl8T9/vca1YuWhSqtbF6ZuUJJw==

"@next/swc-darwin-x64@13.4.2":
  version "13.4.2"
  resolved "https://registry.npmjs.org/@next/swc-darwin-x64/-/swc-darwin-x64-13.4.2.tgz#09a800bed8dfe4beec4cbf14092f9c22db24470b"
  integrity sha512-iZuYr7ZvGLPjPmfhhMl0ISm+z8EiyLBC1bLyFwGBxkWmPXqdJ60mzuTaDSr5WezDwv0fz32HB7JHmRC6JVHSZg==

"@next/swc-linux-arm64-gnu@13.4.2":
  version "13.4.2"
  resolved "https://registry.npmjs.org/@next/swc-linux-arm64-gnu/-/swc-linux-arm64-gnu-13.4.2.tgz#b7ade28834564120b0b25ffa0b79d75982d290bc"
  integrity sha512-2xVabFtIge6BJTcJrW8YuUnYTuQjh4jEuRuS2mscyNVOj6zUZkom3CQg+egKOoS+zh2rrro66ffSKIS+ztFJTg==

"@next/swc-linux-arm64-musl@13.4.2":
  version "13.4.2"
  resolved "https://registry.npmjs.org/@next/swc-linux-arm64-musl/-/swc-linux-arm64-musl-13.4.2.tgz#f5420548234d35251630ddaa2e9a7dc32337a887"
  integrity sha512-wKRCQ27xCUJx5d6IivfjYGq8oVngqIhlhSAJntgXLt7Uo9sRT/3EppMHqUZRfyuNBTbykEre1s5166z+pvRB5A==

"@next/swc-linux-x64-gnu@13.4.2":
  version "13.4.2"
  resolved "https://registry.npmjs.org/@next/swc-linux-x64-gnu/-/swc-linux-x64-gnu-13.4.2.tgz#0241dc011d73f08df9d9998cffdfcf08d1971520"
  integrity sha512-NpCa+UVhhuNeaFVUP1Bftm0uqtvLWq2JTm7+Ta48+2Uqj2mNXrDIvyn1DY/ZEfmW/1yvGBRaUAv9zkMkMRixQA==

"@next/swc-linux-x64-musl@13.4.2":
  version "13.4.2"
  resolved "https://registry.npmjs.org/@next/swc-linux-x64-musl/-/swc-linux-x64-musl-13.4.2.tgz#fd35919e2b64b1c739583145799fefd594ef5d63"
  integrity sha512-ZWVC72x0lW4aj44e3khvBrj2oSYj1bD0jESmyah3zG/3DplEy/FOtYkMzbMjHTdDSheso7zH8GIlW6CDQnKhmQ==

"@next/swc-win32-arm64-msvc@13.4.2":
  version "13.4.2"
  resolved "https://registry.npmjs.org/@next/swc-win32-arm64-msvc/-/swc-win32-arm64-msvc-13.4.2.tgz#fa95d2dbb97707c130a868a1bd7e83e64bedf4c6"
  integrity sha512-pLT+OWYpzJig5K4VKhLttlIfBcVZfr2+Xbjra0Tjs83NQSkFS+y7xx+YhCwvpEmXYLIvaggj2ONPyjbiigOvHQ==

"@next/swc-win32-ia32-msvc@13.4.2":
  version "13.4.2"
  resolved "https://registry.npmjs.org/@next/swc-win32-ia32-msvc/-/swc-win32-ia32-msvc-13.4.2.tgz#31a98e61d3cda92ec2293c50df7cb5280fc63697"
  integrity sha512-dhpiksQCyGca4WY0fJyzK3FxMDFoqMb0Cn+uDB+9GYjpU2K5//UGPQlCwiK4JHxuhg8oLMag5Nf3/IPSJNG8jw==

"@next/swc-win32-x64-msvc@13.4.2":
  version "13.4.2"
  resolved "https://registry.npmjs.org/@next/swc-win32-x64-msvc/-/swc-win32-x64-msvc-13.4.2.tgz#8435ab6087046355f5de07122d3097949e8fab10"
  integrity sha512-O7bort1Vld00cu8g0jHZq3cbSTUNMohOEvYqsqE10+yfohhdPHzvzO+ziJRz4Dyyr/fYKREwS7gR4JC0soSOMw==

"@swc/helpers@0.5.1":
  version "0.5.1"
  resolved "https://registry.npmjs.org/@swc/helpers/-/helpers-0.5.1.tgz#e9031491aa3f26bfcc974a67f48bd456c8a5357a"
  integrity sha512-sJ902EfIzn1Fa+qYmjdQqh8tPsoxyBz+8yBKC2HKUxyezKJFwPGOn7pv4WY6QuQW//ySQi5lJjA/ZT9sNWWNTg==
  dependencies:
    tslib "^2.4.0"

"@tsconfig/recommended@^1.0.1":
  version "1.0.1"
  resolved "https://registry.yarnpkg.com/@tsconfig/recommended/-/recommended-1.0.1.tgz#7619bad397e06ead1c5182926c944e0ca6177f52"
  integrity sha512-2xN+iGTbPBEzGSnVp/Hd64vKJCJWxsi9gfs88x4PPMyEjHJoA3o5BY9r5OLPHIZU2pAQxkSAsJFqn6itClP8mQ==

"@types/hoist-non-react-statics@^3.3.1":
  version "3.3.1"
  resolved "https://registry.npmjs.org/@types/hoist-non-react-statics/-/hoist-non-react-statics-3.3.1.tgz#1124aafe5118cb591977aeb1ceaaed1070eb039f"
  integrity sha512-iMIqiko6ooLrTh1joXodJK5X9xeEALT1kM5G3ZLhD3hszxBdIEd5C75U834D9mLcINgD4OyZf5uQXjkuYydWvA==
  dependencies:
    "@types/react" "*"
    hoist-non-react-statics "^3.3.0"

"@types/node@^18.7.17":
  version "18.11.7"
  resolved "https://registry.yarnpkg.com/@types/node/-/node-18.11.7.tgz#8ccef136f240770c1379d50100796a6952f01f94"
  integrity sha512-LhFTglglr63mNXUSRYD8A+ZAIu5sFqNJ4Y2fPuY7UlrySJH87rRRlhtVmMHplmfk5WkoJGmDjE9oiTfyX94CpQ==

"@types/prop-types@*":
  version "15.7.5"
  resolved "https://registry.yarnpkg.com/@types/prop-types/-/prop-types-15.7.5.tgz#5f19d2b85a98e9558036f6a3cacc8819420f05cf"
  integrity sha512-JCB8C6SnDoQf0cNycqd/35A7MjcnK+ZTqE7judS6o7utxUCg6imJg3QK2qzHKszlTjcj2cn+NwMB2i96ubpj7w==

"@types/react@*":
  version "18.0.25"
  resolved "https://registry.npmjs.org/@types/react/-/react-18.0.25.tgz#8b1dcd7e56fe7315535a4af25435e0bb55c8ae44"
  integrity sha512-xD6c0KDT4m7n9uD4ZHi02lzskaiqcBxf4zi+tXZY98a04wvc0hi/TcCPC2FOESZi51Nd7tlUeOJY8RofL799/g==
  dependencies:
    "@types/prop-types" "*"
    "@types/scheduler" "*"
    csstype "^3.0.2"

"@types/react@^18.0.21":
  version "18.0.24"
  resolved "https://registry.yarnpkg.com/@types/react/-/react-18.0.24.tgz#2f79ed5b27f08d05107aab45c17919754cc44c20"
  integrity sha512-wRJWT6ouziGUy+9uX0aW4YOJxAY0bG6/AOk5AW5QSvZqI7dk6VBIbXvcVgIw/W5Jrl24f77df98GEKTJGOLx7Q==
  dependencies:
    "@types/prop-types" "*"
    "@types/scheduler" "*"
    csstype "^3.0.2"

"@types/scheduler@*":
  version "0.16.2"
  resolved "https://registry.yarnpkg.com/@types/scheduler/-/scheduler-0.16.2.tgz#1a62f89525723dde24ba1b01b092bf5df8ad4d39"
  integrity sha512-hppQEBDmlwhFAXKJX2KnWLYu5yMfi91yazPb2l+lbJiwW+wdo1gNeRA+3RgNSO39WYX2euey41KEwnqesU2Jew==

busboy@1.6.0:
  version "1.6.0"
  resolved "https://registry.npmjs.org/busboy/-/busboy-1.6.0.tgz#966ea36a9502e43cdb9146962523b92f531f6893"
  integrity sha512-8SFQbg/0hQ9xy3UNTB0YEnsNBbWfhf7RtnzpL7TkBiTBRfrQ9Fxcnz7VJsleJpyp6rVLvXiuORqjlHi5q+PYuA==
  dependencies:
    streamsearch "^1.1.0"

caniuse-lite@^1.0.30001406:
  version "1.0.30001431"
  resolved "https://registry.yarnpkg.com/caniuse-lite/-/caniuse-lite-1.0.30001431.tgz#e7c59bd1bc518fae03a4656be442ce6c4887a795"
  integrity sha512-zBUoFU0ZcxpvSt9IU66dXVT/3ctO1cy4y9cscs1szkPlcWb6pasYM144GqrUygUbT+k7cmUCW61cvskjcv0enQ==

client-only@0.0.1:
  version "0.0.1"
  resolved "https://registry.yarnpkg.com/client-only/-/client-only-0.0.1.tgz#38bba5d403c41ab150bff64a95c85013cf73bca1"
  integrity sha512-IV3Ou0jSMzZrd3pZ48nLkT9DA7Ag1pnPzaiQhpW7c3RbcqqzvzzVu+L8gfqMp/8IM2MQtSiqaCxrrcfu8I8rMA==

core-js@^3:
  version "3.26.1"
  resolved "https://registry.npmjs.org/core-js/-/core-js-3.26.1.tgz#7a9816dabd9ee846c1c0fe0e8fcad68f3709134e"
  integrity sha512-21491RRQVzUn0GGM9Z1Jrpr6PNPxPi+Za8OM9q4tksTSnlbXXGKK1nXNg/QvwFYettXvSX6zWKCtHHfjN4puyA==

csstype@^3.0.2:
  version "3.1.1"
  resolved "https://registry.yarnpkg.com/csstype/-/csstype-3.1.1.tgz#841b532c45c758ee546a11d5bd7b7b473c8c30b9"
  integrity sha512-DJR/VvkAvSZW9bTouZue2sSxDwdTN92uHjqeKVm+0dAqdfNykRzQ95tay8aXMBAAPpUiq4Qcug2L7neoRh2Egw==

hoist-non-react-statics@^3.3.0, hoist-non-react-statics@^3.3.2:
  version "3.3.2"
  resolved "https://registry.npmjs.org/hoist-non-react-statics/-/hoist-non-react-statics-3.3.2.tgz#ece0acaf71d62c2969c2ec59feff42a4b1a85b45"
  integrity sha512-/gGivxi8JPKWNm/W0jSmzcMPpfpPLc3dY/6GxhX2hQ9iGj3aDfklV4ET7NjKpSinLpJ5vafa9iiGIEZg10SfBw==
  dependencies:
    react-is "^16.7.0"

html-parse-stringify@^3.0.1:
  version "3.0.1"
  resolved "https://registry.npmjs.org/html-parse-stringify/-/html-parse-stringify-3.0.1.tgz#dfc1017347ce9f77c8141a507f233040c59c55d2"
  integrity sha512-KknJ50kTInJ7qIScF3jeaFRpMpE8/lfiTdzf/twXyPBLAGrLRTmkz3AdTnKeh40X8k9L2fdYwEp/42WGXIRGcg==
  dependencies:
    void-elements "3.1.0"

i18next-fs-backend@^2.1.1:
  version "2.1.1"
  resolved "https://registry.npmjs.org/i18next-fs-backend/-/i18next-fs-backend-2.1.1.tgz#07c6393be856c5a398e3dfc1257bf8439841cd89"
  integrity sha512-FTnj+UmNgT3YRml5ruRv0jMZDG7odOL/OP5PF5mOqvXud2vHrPOOs68Zdk6iqzL47cnnM0ZVkK2BAvpFeDJToA==

i18next@^22.4.15:
  version "22.4.15"
  resolved "https://registry.npmjs.org/i18next/-/i18next-22.4.15.tgz#951882b751872994f8502b5a6ef6f796e6a7d7f8"
  integrity sha512-yYudtbFrrmWKLEhl6jvKUYyYunj4bTBCe2qIUYAxbXoPusY7YmdwPvOE6fx6UIfWvmlbCWDItr7wIs8KEBZ5Zg==
  dependencies:
    "@babel/runtime" "^7.20.6"

nanoid@^3.3.4:
  version "3.3.4"
  resolved "https://registry.yarnpkg.com/nanoid/-/nanoid-3.3.4.tgz#730b67e3cd09e2deacf03c027c81c9d9dbc5e8ab"
  integrity sha512-MqBkQh/OHTS2egovRtLk45wEyNXwF+cokD+1YPf9u5VfJiRdAiRwB2froX5Co9Rh20xs4siNPm8naNotSD6RBw==

next-i18next@^13.2.2:
  version "13.2.2"
  resolved "https://registry.npmjs.org/next-i18next/-/next-i18next-13.2.2.tgz#9609546fab1d1d5f9b227e86c5ca23d0cbbbddb4"
  integrity sha512-t0WU6K+HJoq2nVQ0n6OiiEZja9GyMqtDSU74FmOafgk4ljns+iZ18bsNJiI8rOUXfFfkW96ea1N7D5kbMyT+PA==
  dependencies:
    "@babel/runtime" "^7.20.13"
    "@types/hoist-non-react-statics" "^3.3.1"
    core-js "^3"
    hoist-non-react-statics "^3.3.2"
    i18next-fs-backend "^2.1.1"

next@^13.4.2:
  version "13.4.2"
  resolved "https://registry.npmjs.org/next/-/next-13.4.2.tgz#972f73a794f2c61729facedc79c49b22bdc89f0c"
  integrity sha512-aNFqLs3a3nTGvLWlO9SUhCuMUHVPSFQC0+tDNGAsDXqx+WJDFSbvc233gOJ5H19SBc7nw36A9LwQepOJ2u/8Kg==
  dependencies:
    "@next/env" "13.4.2"
    "@swc/helpers" "0.5.1"
    busboy "1.6.0"
    caniuse-lite "^1.0.30001406"
    postcss "8.4.14"
    styled-jsx "5.1.1"
    zod "3.21.4"
  optionalDependencies:
    "@next/swc-darwin-arm64" "13.4.2"
    "@next/swc-darwin-x64" "13.4.2"
    "@next/swc-linux-arm64-gnu" "13.4.2"
    "@next/swc-linux-arm64-musl" "13.4.2"
    "@next/swc-linux-x64-gnu" "13.4.2"
    "@next/swc-linux-x64-musl" "13.4.2"
    "@next/swc-win32-arm64-msvc" "13.4.2"
    "@next/swc-win32-ia32-msvc" "13.4.2"
    "@next/swc-win32-x64-msvc" "13.4.2"

picocolors@^1.0.0:
  version "1.0.0"
  resolved "https://registry.yarnpkg.com/picocolors/-/picocolors-1.0.0.tgz#cb5bdc74ff3f51892236eaf79d68bc44564ab81c"
  integrity sha512-1fygroTLlHu66zi26VoTDv8yRgm0Fccecssto+MhsZ0D/DGW2sm8E8AjW7NU5VVTRt5GxbeZ5qBuJr+HyLYkjQ==

postcss@8.4.14:
  version "8.4.14"
  resolved "https://registry.yarnpkg.com/postcss/-/postcss-8.4.14.tgz#ee9274d5622b4858c1007a74d76e42e56fd21caf"
  integrity sha512-E398TUmfAYFPBSdzgeieK2Y1+1cpdxJx8yXbK/m57nRhKSmk1GB2tO4lbLBtlkfPQTDKfe4Xqv1ASWPpayPEig==
  dependencies:
    nanoid "^3.3.4"
    picocolors "^1.0.0"
    source-map-js "^1.0.2"

react-i18next@^12.2.2:
  version "12.2.2"
  resolved "https://registry.npmjs.org/react-i18next/-/react-i18next-12.2.2.tgz#38a6fad11acf4f2abfc5611bdb6b1918d0f47578"
  integrity sha512-KBB6buBmVKXUWNxXHdnthp+38gPyBT46hJCAIQ8rX19NFL/m2ahte2KARfIDf2tMnSAL7wwck6eDOd/9zn6aFg==
  dependencies:
    "@babel/runtime" "^7.20.6"
    html-parse-stringify "^3.0.1"

react-is@^16.7.0:
  version "16.13.1"
  resolved "https://registry.npmjs.org/react-is/-/react-is-16.13.1.tgz#789729a4dc36de2999dc156dd6c1d9c18cea56a4"
  integrity sha512-24e6ynE2H+OKt4kqsOvNd8kBpV65zoxbA4BVsEOB3ARVWQki/DHzaUoC5KuON/BiccDaCCTZBuOcfZs70kR8bQ==

regenerator-runtime@^0.13.11:
  version "0.13.11"
  resolved "https://registry.npmjs.org/regenerator-runtime/-/regenerator-runtime-0.13.11.tgz#f6dca3e7ceec20590d07ada785636a90cdca17f9"
  integrity sha512-kY1AZVr2Ra+t+piVaJ4gxaFaReZVH40AKNo7UCX6W+dEwBo/2oZJzqfuN1qLq1oL45o56cPaTXELwrTh8Fpggg==

source-map-js@^1.0.2:
  version "1.0.2"
  resolved "https://registry.yarnpkg.com/source-map-js/-/source-map-js-1.0.2.tgz#adbc361d9c62df380125e7f161f71c826f1e490c"
  integrity sha512-R0XvVJ9WusLiqTCEiGCmICCMplcCkIwwR11mOSD9CR5u+IXYdiseeEuXCVAjS54zqwkLcPNnmU4OeJ6tUrWhDw==

streamsearch@^1.1.0:
  version "1.1.0"
  resolved "https://registry.npmjs.org/streamsearch/-/streamsearch-1.1.0.tgz#404dd1e2247ca94af554e841a8ef0eaa238da764"
  integrity sha512-Mcc5wHehp9aXz1ax6bZUyY5afg9u2rv5cqQI3mRrYkGC8rW2hM02jWuwjtL++LS5qinSyhj2QfLyNsuc+VsExg==

styled-jsx@5.1.1:
  version "5.1.1"
  resolved "https://registry.npmjs.org/styled-jsx/-/styled-jsx-5.1.1.tgz#839a1c3aaacc4e735fed0781b8619ea5d0009d1f"
  integrity sha512-pW7uC1l4mBZ8ugbiZrcIsiIvVx1UmTfw7UkC3Um2tmfUq9Bhk8IiyEIPl6F8agHgjzku6j0xQEZbfA5uSgSaCw==
  dependencies:
    client-only "0.0.1"

tslib@^2.4.0:
  version "2.4.1"
  resolved "https://registry.yarnpkg.com/tslib/-/tslib-2.4.1.tgz#0d0bfbaac2880b91e22df0768e55be9753a5b17e"
  integrity sha512-tGyy4dAjRIEwI7BzsB0lynWgOpfqjUdq91XXAlIWD2OwKBH7oCl/GZG/HT4BOHrTlPMOASlMQ7veyTqpmRcrNA==

typescript@^4.8.3:
  version "4.8.4"
  resolved "https://registry.yarnpkg.com/typescript/-/typescript-4.8.4.tgz#c464abca159669597be5f96b8943500b238e60e6"
  integrity sha512-QCh+85mCy+h0IGff8r5XWzOVSbBO+KfeYrMQh7NJ58QujwcE22u+NUSmUxqF+un70P9GXKxa2HCNiTTMJknyjQ==

void-elements@3.1.0:
  version "3.1.0"
  resolved "https://registry.npmjs.org/void-elements/-/void-elements-3.1.0.tgz#614f7fbf8d801f0bb5f0661f5b2f5785750e4f09"
  integrity sha512-Dhxzh5HZuiHQhbvTW9AMetFfBHDMYpo23Uo9btPXgdYP+3T5S+p+jgNy7spra+veYhBP2dCSgxR/i2Y02h5/6w==

zod@3.21.4:
  version "3.21.4"
  resolved "https://registry.npmjs.org/zod/-/zod-3.21.4.tgz#10882231d992519f0a10b5dd58a38c9dabbb64db"
  integrity sha512-m46AKbrzKVzOzs/DZgVnG5H55N1sv1M8qZU3A8RIKbs3mrACDNeIOeilDymVb2HdmP8uwshOCF4uJ8uM9rCqJw==
